// !$*UTF8*$!
{
	archiveVersion = 1;
	classes = {
	};
	objectVersion = 46;
	objects = {

/* Begin PBXBuildFile section */
		C6628EB71BCF504E0034B32D /* main.m in Sources */ = {isa = PBXBuildFile; fileRef = C6628EB61BCF504E0034B32D /* main.m */; };
		C6628EBA1BCF504E0034B32D /* AppDelegate.m in Sources */ = {isa = PBXBuildFile; fileRef = C6628EB91BCF504E0034B32D /* AppDelegate.m */; };
		C6628EBD1BCF504E0034B32D /* FirstViewController.m in Sources */ = {isa = PBXBuildFile; fileRef = C6628EBC1BCF504E0034B32D /* FirstViewController.m */; };
		C6628EC01BCF504E0034B32D /* SecondViewController.m in Sources */ = {isa = PBXBuildFile; fileRef = C6628EBF1BCF504E0034B32D /* SecondViewController.m */; };
		C6628EC31BCF504E0034B32D /* Main.storyboard in Resources */ = {isa = PBXBuildFile; fileRef = C6628EC11BCF504E0034B32D /* Main.storyboard */; };
		C6628EC51BCF504E0034B32D /* Images.xcassets in Resources */ = {isa = PBXBuildFile; fileRef = C6628EC41BCF504E0034B32D /* Images.xcassets */; };
		C6628EC81BCF504E0034B32D /* LaunchScreen.xib in Resources */ = {isa = PBXBuildFile; fileRef = C6628EC61BCF504E0034B32D /* LaunchScreen.xib */; };
		C6628ED41BCF504F0034B32D /* multiStoryboardTests.m in Sources */ = {isa = PBXBuildFile; fileRef = C6628ED31BCF504F0034B32D /* multiStoryboardTests.m */; };
/* End PBXBuildFile section */

/* Begin PBXContainerItemProxy section */
		C6628ECE1BCF504F0034B32D /* PBXContainerItemProxy */ = {
			isa = PBXContainerItemProxy;
			containerPortal = C6628EA91BCF504E0034B32D /* Project object */;
			proxyType = 1;
			remoteGlobalIDString = C6628EB01BCF504E0034B32D;
			remoteInfo = multiStoryboard;
		};
/* End PBXContainerItemProxy section */

/* Begin PBXFileReference section */
		C6628EB11BCF504E0034B32D /* multiStoryboard.app */ = {isa = PBXFileReference; explicitFileType = wrapper.application; includeInIndex = 0; path = multiStoryboard.app; sourceTree = BUILT_PRODUCTS_DIR; };
		C6628EB51BCF504E0034B32D /* Info.plist */ = {isa = PBXFileReference; lastKnownFileType = text.plist.xml; path = Info.plist; sourceTree = "<group>"; };
		C6628EB61BCF504E0034B32D /* main.m */ = {isa = PBXFileReference; lastKnownFileType = sourcecode.c.objc; path = main.m; sourceTree = "<group>"; };
		C6628EB81BCF504E0034B32D /* AppDelegate.h */ = {isa = PBXFileReference; lastKnownFileType = sourcecode.c.h; path = AppDelegate.h; sourceTree = "<group>"; };
		C6628EB91BCF504E0034B32D /* AppDelegate.m */ = {isa = PBXFileReference; lastKnownFileType = sourcecode.c.objc; path = AppDelegate.m; sourceTree = "<group>"; };
		C6628EBB1BCF504E0034B32D /* FirstViewController.h */ = {isa = PBXFileReference; lastKnownFileType = sourcecode.c.h; path = FirstViewController.h; sourceTree = "<group>"; };
		C6628EBC1BCF504E0034B32D /* FirstViewController.m */ = {isa = PBXFileReference; lastKnownFileType = sourcecode.c.objc; path = FirstViewController.m; sourceTree = "<group>"; };
		C6628EBE1BCF504E0034B32D /* SecondViewController.h */ = {isa = PBXFileReference; lastKnownFileType = sourcecode.c.h; path = SecondViewController.h; sourceTree = "<group>"; };
		C6628EBF1BCF504E0034B32D /* SecondViewController.m */ = {isa = PBXFileReference; lastKnownFileType = sourcecode.c.objc; path = SecondViewController.m; sourceTree = "<group>"; };
		C6628EC21BCF504E0034B32D /* Base */ = {isa = PBXFileReference; lastKnownFileType = file.storyboard; name = Base; path = Base.lproj/Main.storyboard; sourceTree = "<group>"; };
		C6628EC41BCF504E0034B32D /* Images.xcassets */ = {isa = PBXFileReference; lastKnownFileType = folder.assetcatalog; path = Images.xcassets; sourceTree = "<group>"; };
		C6628EC71BCF504E0034B32D /* Base */ = {isa = PBXFileReference; lastKnownFileType = file.xib; name = Base; path = Base.lproj/LaunchScreen.xib; sourceTree = "<group>"; };
		C6628ECD1BCF504F0034B32D /* multiStoryboardTests.xctest */ = {isa = PBXFileReference; explicitFileType = wrapper.cfbundle; includeInIndex = 0; path = multiStoryboardTests.xctest; sourceTree = BUILT_PRODUCTS_DIR; };
		C6628ED21BCF504F0034B32D /* Info.plist */ = {isa = PBXFileReference; lastKnownFileType = text.plist.xml; path = Info.plist; sourceTree = "<group>"; };
		C6628ED31BCF504F0034B32D /* multiStoryboardTests.m */ = {isa = PBXFileReference; lastKnownFileType = sourcecode.c.objc; path = multiStoryboardTests.m; sourceTree = "<group>"; };
/* End PBXFileReference section */

/* Begin PBXFrameworksBuildPhase section */
		C6628EAE1BCF504E0034B32D /* Frameworks */ = {
			isa = PBXFrameworksBuildPhase;
			buildActionMask = 2147483647;
			files = (
			);
			runOnlyForDeploymentPostprocessing = 0;
		};
		C6628ECA1BCF504F0034B32D /* Frameworks */ = {
			isa = PBXFrameworksBuildPhase;
			buildActionMask = 2147483647;
			files = (
			);
			runOnlyForDeploymentPostprocessing = 0;
		};
/* End PBXFrameworksBuildPhase section */

/* Begin PBXGroup section */
		C6628EA81BCF504E0034B32D = {
			isa = PBXGroup;
			children = (
				C6628EB31BCF504E0034B32D /* multiStoryboard */,
				C6628ED01BCF504F0034B32D /* multiStoryboardTests */,
				C6628EB21BCF504E0034B32D /* Products */,
			);
			sourceTree = "<group>";
		};
		C6628EB21BCF504E0034B32D /* Products */ = {
			isa = PBXGroup;
			children = (
				C6628EB11BCF504E0034B32D /* multiStoryboard.app */,
				C6628ECD1BCF504F0034B32D /* multiStoryboardTests.xctest */,
			);
			name = Products;
			sourceTree = "<group>";
		};
		C6628EB31BCF504E0034B32D /* multiStoryboard */ = {
			isa = PBXGroup;
			children = (
				C6628EB81BCF504E0034B32D /* AppDelegate.h */,
				C6628EB91BCF504E0034B32D /* AppDelegate.m */,
				C6628EBB1BCF504E0034B32D /* FirstViewController.h */,
				C6628EBC1BCF504E0034B32D /* FirstViewController.m */,
				C6628EBE1BCF504E0034B32D /* SecondViewController.h */,
				C6628EBF1BCF504E0034B32D /* SecondViewController.m */,
				C6628EC11BCF504E0034B32D /* Main.storyboard */,
				C6628EC41BCF504E0034B32D /* Images.xcassets */,
				C6628EC61BCF504E0034B32D /* LaunchScreen.xib */,
				C6628EB41BCF504E0034B32D /* Supporting Files */,
			);
			path = multiStoryboard;
			sourceTree = "<group>";
		};
		C6628EB41BCF504E0034B32D /* Supporting Files */ = {
			isa = PBXGroup;
			children = (
				C6628EB51BCF504E0034B32D /* Info.plist */,
				C6628EB61BCF504E0034B32D /* main.m */,
			);
			name = "Supporting Files";
			sourceTree = "<group>";
		};
		C6628ED01BCF504F0034B32D /* multiStoryboardTests */ = {
			isa = PBXGroup;
			children = (
				C6628ED31BCF504F0034B32D /* multiStoryboardTests.m */,
				C6628ED11BCF504F0034B32D /* Supporting Files */,
			);
			path = multiStoryboardTests;
			sourceTree = "<group>";
		};
		C6628ED11BCF504F0034B32D /* Supporting Files */ = {
			isa = PBXGroup;
			children = (
				C6628ED21BCF504F0034B32D /* Info.plist */,
			);
			name = "Supporting Files";
			sourceTree = "<group>";
		};
/* End PBXGroup section */

/* Begin PBXNativeTarget section */
		C6628EB01BCF504E0034B32D /* multiStoryboard */ = {
			isa = PBXNativeTarget;
			buildConfigurationList = C6628ED71BCF504F0034B32D /* Build configuration list for PBXNativeTarget "multiStoryboard" */;
			buildPhases = (
				C6628EAD1BCF504E0034B32D /* Sources */,
				C6628EAE1BCF504E0034B32D /* Frameworks */,
				C6628EAF1BCF504E0034B32D /* Resources */,
			);
			buildRules = (
			);
			dependencies = (
			);
			name = multiStoryboard;
			productName = multiStoryboard;
			productReference = C6628EB11BCF504E0034B32D /* multiStoryboard.app */;
			productType = "com.apple.product-type.application";
		};
		C6628ECC1BCF504F0034B32D /* multiStoryboardTests */ = {
			isa = PBXNativeTarget;
			buildConfigurationList = C6628EDA1BCF504F0034B32D /* Build configuration list for PBXNativeTarget "multiStoryboardTests" */;
			buildPhases = (
				C6628EC91BCF504F0034B32D /* Sources */,
				C6628ECA1BCF504F0034B32D /* Frameworks */,
				C6628ECB1BCF504F0034B32D /* Resources */,
			);
			buildRules = (
			);
			dependencies = (
				C6628ECF1BCF504F0034B32D /* PBXTargetDependency */,
			);
			name = multiStoryboardTests;
			productName = multiStoryboardTests;
			productReference = C6628ECD1BCF504F0034B32D /* multiStoryboardTests.xctest */;
			productType = "com.apple.product-type.bundle.unit-test";
		};
/* End PBXNativeTarget section */

/* Begin PBXProject section */
		C6628EA91BCF504E0034B32D /* Project object */ = {
			isa = PBXProject;
			attributes = {
				LastUpgradeCheck = 0620;
				ORGANIZATIONNAME = Cer;
				TargetAttributes = {
					C6628EB01BCF504E0034B32D = {
						CreatedOnToolsVersion = 6.2;
					};
					C6628ECC1BCF504F0034B32D = {
						CreatedOnToolsVersion = 6.2;
						TestTargetID = C6628EB01BCF504E0034B32D;
					};
				};
			};
			buildConfigurationList = C6628EAC1BCF504E0034B32D /* Build configuration list for PBXProject "multiStoryboard" */;
			compatibilityVersion = "Xcode 3.2";
			developmentRegion = English;
			hasScannedForEncodings = 0;
			knownRegions = (
				en,
				Base,
			);
			mainGroup = C6628EA81BCF504E0034B32D;
			productRefGroup = C6628EB21BCF504E0034B32D /* Products */;
			projectDirPath = "";
			projectRoot = "";
			targets = (
				C6628EB01BCF504E0034B32D /* multiStoryboard */,
				C6628ECC1BCF504F0034B32D /* multiStoryboardTests */,
			);
		};
/* End PBXProject section */

/* Begin PBXResourcesBuildPhase section */
		C6628EAF1BCF504E0034B32D /* Resources */ = {
			isa = PBXResourcesBuildPhase;
			buildActionMask = 2147483647;
			files = (
				C6628EC31BCF504E0034B32D /* Main.storyboard in Resources */,
				C6628EC81BCF504E0034B32D /* LaunchScreen.xib in Resources */,
				C6628EC51BCF504E0034B32D /* Images.xcassets in Resources */,
			);
			runOnlyForDeploymentPostprocessing = 0;
		};
		C6628ECB1BCF504F0034B32D /* Resources */ = {
			isa = PBXResourcesBuildPhase;
			buildActionMask = 2147483647;
			files = (
			);
			runOnlyForDeploymentPostprocessing = 0;
		};
/* End PBXResourcesBuildPhase section */

/* Begin PBXSourcesBuildPhase section */
		C6628EAD1BCF504E0034B32D /* Sources */ = {
			isa = PBXSourcesBuildPhase;
			buildActionMask = 2147483647;
			files = (
				C6628EC01BCF504E0034B32D /* SecondViewController.m in Sources */,
				C6628EBA1BCF504E0034B32D /* AppDelegate.m in Sources */,
				C6628EBD1BCF504E0034B32D /* FirstViewController.m in Sources */,
				C6628EB71BCF504E0034B32D /* main.m in Sources */,
			);
			runOnlyForDeploymentPostprocessing = 0;
		};
		C6628EC91BCF504F0034B32D /* Sources */ = {
			isa = PBXSourcesBuildPhase;
			buildActionMask = 2147483647;
			files = (
				C6628ED41BCF504F0034B32D /* multiStoryboardTests.m in Sources */,
			);
			runOnlyForDeploymentPostprocessing = 0;
		};
/* End PBXSourcesBuildPhase section */

/* Begin PBXTargetDependency section */
		C6628ECF1BCF504F0034B32D /* PBXTargetDependency */ = {
			isa = PBXTargetDependency;
			target = C6628EB01BCF504E0034B32D /* multiStoryboard */;
			targetProxy = C6628ECE1BCF504F0034B32D /* PBXContainerItemProxy */;
		};
/* End PBXTargetDependency section */

/* Begin PBXVariantGroup section */
		C6628EC11BCF504E0034B32D /* Main.storyboard */ = {
			isa = PBXVariantGroup;
			children = (
				C6628EC21BCF504E0034B32D /* Base */,
			);
			name = Main.storyboard;
			sourceTree = "<group>";
		};
		C6628EC61BCF504E0034B32D /* LaunchScreen.xib */ = {
			isa = PBXVariantGroup;
			children = (
				C6628EC71BCF504E0034B32D /* Base */,
			);
			name = LaunchScreen.xib;
			sourceTree = "<group>";
		};
/* End PBXVariantGroup section */

/* Begin XCBuildConfiguration section */
		C6628ED51BCF504F0034B32D /* Debug */ = {
			isa = XCBuildConfiguration;
			buildSettings = {
				ALWAYS_SEARCH_USER_PATHS = NO;
				CLANG_CXX_LANGUAGE_STANDARD = "gnu++0x";
				CLANG_CXX_LIBRARY = "libc++";
				CLANG_ENABLE_MODULES = YES;
				CLANG_ENABLE_OBJC_ARC = YES;
				CLANG_WARN_BOOL_CONVERSION = YES;
				CLANG_WARN_CONSTANT_CONVERSION = YES;
				CLANG_WARN_DIRECT_OBJC_ISA_USAGE = YES_ERROR;
				CLANG_WARN_EMPTY_BODY = YES;
				CLANG_WARN_ENUM_CONVERSION = YES;
				CLANG_WARN_INT_CONVERSION = YES;
				CLANG_WARN_OBJC_ROOT_CLASS = YES_ERROR;
				CLANG_WARN_UNREACHABLE_CODE = YES;
				CLANG_WARN__DUPLICATE_METHOD_MATCH = YES;
				"CODE_SIGN_IDENTITY[sdk=iphoneos*]" = "iPhone Developer";
				COPY_PHASE_STRIP = NO;
				ENABLE_STRICT_OBJC_MSGSEND = YES;
				GCC_C_LANGUAGE_STANDARD = gnu99;
				GCC_DYNAMIC_NO_PIC = NO;
				GCC_OPTIMIZATION_LEVEL = 0;
				GCC_PREPROCESSOR_DEFINITIONS = (
					"DEBUG=1",
					"$(inherited)",
				);
				GCC_SYMBOLS_PRIVATE_EXTERN = NO;
				GCC_WARN_64_TO_32_BIT_CONVERSION = YES;
				GCC_WARN_ABOUT_RETURN_TYPE = YES_ERROR;
				GCC_WARN_UNDECLARED_SELECTOR = YES;
				GCC_WARN_UNINITIALIZED_AUTOS = YES_AGGRESSIVE;
				GCC_WARN_UNUSED_FUNCTION = YES;
				GCC_WARN_UNUSED_VARIABLE = YES;
				IPHONEOS_DEPLOYMENT_TARGET = 8.2;
				MTL_ENABLE_DEBUG_INFO = YES;
				ONLY_ACTIVE_ARCH = YES;
				SDKROOT = iphoneos;
			};
			name = Debug;
		};
		C6628ED61BCF504F0034B32D /* Release */ = {
			isa = XCBuildConfiguration;
			buildSettings = {
				ALWAYS_SEARCH_USER_PATHS = NO;
				CLANG_CXX_LANGUAGE_STANDARD = "gnu++0x";
				CLANG_CXX_LIBRARY = "libc++";
				CLANG_ENABLE_MODULES = YES;
				CLANG_ENABLE_OBJC_ARC = YES;
				CLANG_WARN_BOOL_CONVERSION = YES;
				CLANG_WARN_CONSTANT_CONVERSION = YES;
				CLANG_WARN_DIRECT_OBJC_ISA_USAGE = YES_ERROR;
				CLANG_WARN_EMPTY_BODY = YES;
				CLANG_WARN_ENUM_CONVERSION = YES;
				CLANG_WARN_INT_CONVERSION = YES;
				CLANG_WARN_OBJC_ROOT_CLASS = YES_ERROR;
				CLANG_WARN_UNREACHABLE_CODE = YES;
				CLANG_WARN__DUPLICATE_METHOD_MATCH = YES;
				"CODE_SIGN_IDENTITY[sdk=iphoneos*]" = "iPhone Developer";
				COPY_PHASE_STRIP = NO;
				ENABLE_NS_ASSERTIONS = NO;
				ENABLE_STRICT_OBJC_MSGSEND = YES;
				GCC_C_LANGUAGE_STANDARD = gnu99;
				GCC_WARN_64_TO_32_BIT_CONVERSION = YES;
				GCC_WARN_ABOUT_RETURN_TYPE = YES_ERROR;
				GCC_WARN_UNDECLARED_SELECTOR = YES;
				GCC_WARN_UNINITIALIZED_AUTOS = YES_AGGRESSIVE;
				GCC_WARN_UNUSED_FUNCTION = YES;
				GCC_WARN_UNUSED_VARIABLE = YES;
				IPHONEOS_DEPLOYMENT_TARGET = 8.2;
				MTL_ENABLE_DEBUG_INFO = NO;
				SDKROOT = iphoneos;
				VALIDATE_PRODUCT = YES;
			};
			name = Release;
		};
		C6628ED81BCF504F0034B32D /* Debug */ = {
			isa = XCBuildConfiguration;
			buildSettings = {
				ASSETCATALOG_COMPILER_APPICON_NAME = AppIcon;
				INFOPLIST_FILE = multiStoryboard/Info.plist;
				LD_RUNPATH_SEARCH_PATHS = "$(inherited) @executable_path/Frameworks";
				PRODUCT_NAME = "$(TARGET_NAME)";
			};
			name = Debug;
		};
		C6628ED91BCF504F0034B32D /* Release */ = {
			isa = XCBuildConfiguration;
			buildSettings = {
				ASSETCATALOG_COMPILER_APPICON_NAME = AppIcon;
				INFOPLIST_FILE = multiStoryboard/Info.plist;
				LD_RUNPATH_SEARCH_PATHS = "$(inherited) @executable_path/Frameworks";
				PRODUCT_NAME = "$(TARGET_NAME)";
			};
			name = Release;
		};
		C6628EDB1BCF504F0034B32D /* Debug */ = {
			isa = XCBuildConfiguration;
			buildSettings = {
				BUNDLE_LOADER = "$(TEST_HOST)";
				FRAMEWORK_SEARCH_PATHS = (
					"$(SDKROOT)/Developer/Library/Frameworks",
					"$(inherited)",
				);
				GCC_PREPROCESSOR_DEFINITIONS = (
					"DEBUG=1",
					"$(inherited)",
				);
				INFOPLIST_FILE = multiStoryboardTests/Info.plist;
				LD_RUNPATH_SEARCH_PATHS = "$(inherited) @executable_path/Frameworks @loader_path/Frameworks";
				PRODUCT_NAME = "$(TARGET_NAME)";
				TEST_HOST = "$(BUILT_PRODUCTS_DIR)/multiStoryboard.app/multiStoryboard";
			};
			name = Debug;
		};
		C6628EDC1BCF504F0034B32D /* Release */ = {
			isa = XCBuildConfiguration;
			buildSettings = {
				BUNDLE_LOADER = "$(TEST_HOST)";
				FRAMEWORK_SEARCH_PATHS = (
					"$(SDKROOT)/Developer/Library/Frameworks",
					"$(inherited)",
				);
				INFOPLIST_FILE = multiStoryboardTests/Info.plist;
				LD_RUNPATH_SEARCH_PATHS = "$(inherited) @executable_path/Frameworks @loader_path/Frameworks";
				PRODUCT_NAME = "$(TARGET_NAME)";
				TEST_HOST = "$(BUILT_PRODUCTS_DIR)/multiStoryboard.app/multiStoryboard";
			};
			name = Release;
		};
/* End XCBuildConfiguration section */

/* Begin XCConfigurationList section */
		C6628EAC1BCF504E0034B32D /* Build configuration list for PBXProject "multiStoryboard" */ = {
			isa = XCConfigurationList;
			buildConfigurations = (
				C6628ED51BCF504F0034B32D /* Debug */,
				C6628ED61BCF504F0034B32D /* Release */,
			);
			defaultConfigurationIsVisible = 0;
			defaultConfigurationName = Release;
		};
		C6628ED71BCF504F0034B32D /* Build configuration list for PBXNativeTarget "multiStoryboard" */ = {
			isa = XCConfigurationList;
			buildConfigurations = (
				C6628ED81BCF504F0034B32D /* Debug */,
				C6628ED91BCF504F0034B32D /* Release */,
			);
			defaultConfigurationIsVisible = 0;
		};
		C6628EDA1BCF504F0034B32D /* Build configuration list for PBXNativeTarget "multiStoryboardTests" */ = {
			isa = XCConfigurationList;
			buildConfigurations = (
				C6628EDB1BCF504F0034B32D /* Debug */,
				C6628EDC1BCF504F0034B32D /* Release */,
			);
			defaultConfigurationIsVisible = 0;
		};
/* End XCConfigurationList section */
	};
	rootObject = C6628EA91BCF504E0034B32D /* Project object */;
}
